<?xml version="1.0" encoding="utf-8"?>
<Project ToolsVersion="4.0" xmlns="http://schemas.microsoft.com/developer/msbuild/2003">
  <ItemGroup>
    <Filter Include="Source Files">
      <UniqueIdentifier>{4FC737F1-C7A5-4376-A066-2A32D752A2FF}</UniqueIdentifier>
      <Extensions>cpp;c;cc;cxx;c++;cppm;ixx;def;odl;idl;hpj;bat;asm;asmx</Extensions>
    </Filter>
    <Filter Include="Header Files">
      <UniqueIdentifier>{93995380-89BD-4b04-88EB-625FBE52EBFB}</UniqueIdentifier>
      <Extensions>h;hh;hpp;hxx;h++;hm;inl;inc;ipp;xsd</Extensions>
    </Filter>
    <Filter Include="Resource Files">
      <UniqueIdentifier>{67DA6AB6-F800-4c08-8B7A-83BB121AAD01}</UniqueIdentifier>
      <Extensions>rc;ico;cur;bmp;dlg;rc2;rct;bin;rgs;gif;jpg;jpeg;jpe;resx;tiff;tif;png;wav;mfcribbon-ms</Extensions>
    </Filter>
  </ItemGroup>
  <ItemGroup>
    <None Include="packages.config" />
  </ItemGroup>
  <ItemGroup>
    <ClInclude Include="ECAbstract2DShape.h">
      <Filter>Header Files</Filter>
    </ClInclude>
    <ClInclude Include="ECAbstractConvexPolygon.h">
      <Filter>Header Files</Filter>
    </ClInclude>
    <ClInclude Include="ECConvexPolygon.h">
      <Filter>Header Files</Filter>
    </ClInclude>
    <ClInclude Include="ECGraphicViewImp.h">
      <Filter>Header Files</Filter>
    </ClInclude>
    <ClInclude Include="ECIndivObservers.h">
      <Filter>Header Files</Filter>
    </ClInclude>
    <ClInclude Include="ECLineSegment.h">
      <Filter>Header Files</Filter>
    </ClInclude>
    <ClInclude Include="ECObserver.h">
      <Filter>Header Files</Filter>
    </ClInclude>
    <ClInclude Include="ECShape.h">
      <Filter>Header Files</Filter>
    </ClInclude>
    <ClInclude Include="ECShapeManager.h">
      <Filter>Header Files</Filter>
    </ClInclude>
    <ClInclude Include="ECCommand.h">
      <Filter>Header Files</Filter>
    </ClInclude>
    <ClInclude Include="ECIndivCommands.h">
      <Filter>Header Files</Filter>
    </ClInclude>
    <ClInclude Include="ECModel.h">
      <Filter>Header Files</Filter>
    </ClInclude>
    <ClInclude Include="ECControl.h">
      <Filter>Header Files</Filter>
    </ClInclude>
    <ClInclude Include="ECTriangle.h">
      <Filter>Header Files</Filter>
    </ClInclude>
    <ClInclude Include="ECCircle.h">
      <Filter>Header Files</Filter>
    </ClInclude>
    <ClInclude Include="ECFileHandler.h">
      <Filter>Header Files</Filter>
    </ClInclude>
    <ClInclude Include="ECShapeFileSubject.h">
      <Filter>Header Files</Filter>
    </ClInclude>
    <ClInclude Include="ECShapeFileObservers.h">
      <Filter>Header Files</Filter>
    </ClInclude>
  </ItemGroup>
  <ItemGroup>
    <ClCompile Include="ECAbstractConvexPolygon.cpp">
      <Filter>Source Files</Filter>
    </ClCompile>
    <ClCompile Include="ECConvexPolygon.cpp">
      <Filter>Source Files</Filter>
    </ClCompile>
    <ClCompile Include="ECIndivObservers.cpp">
      <Filter>Source Files</Filter>
    </ClCompile>
    <ClCompile Include="ECLineSegment.cpp">
      <Filter>Source Files</Filter>
    </ClCompile>
    <ClCompile Include="ECShape.cpp">
      <Filter>Source Files</Filter>
    </ClCompile>
    <ClCompile Include="ECShapeManager.cpp">
      <Filter>Source Files</Filter>
    </ClCompile>
    <ClCompile Include="Main.cpp">
      <Filter>Source Files</Filter>
    </ClCompile>
    <ClCompile Include="ECGraphicViewImp.cpp">
      <Filter>Source Files</Filter>
    </ClCompile>
    <ClCompile Include="ECCommand.cpp">
      <Filter>Source Files</Filter>
    </ClCompile>
    <ClCompile Include="ECIndivCommands.cpp">
      <Filter>Source Files</Filter>
    </ClCompile>
    <ClCompile Include="ECControl.cpp">
      <Filter>Source Files</Filter>
    </ClCompile>
    <ClCompile Include="ECModel.cpp">
      <Filter>Source Files</Filter>
    </ClCompile>
    <ClCompile Include="ECTriangle.cpp">
      <Filter>Source Files</Filter>
    </ClCompile>
    <ClCompile Include="ECCircle.cpp">
      <Filter>Source Files</Filter>
    </ClCompile>
    <ClCompile Include="ECFileHandler.cpp">
      <Filter>Source Files</Filter>
    </ClCompile>
    <ClCompile Include="ECShapeFileSubject.cpp">
      <Filter>Source Files</Filter>
    </ClCompile>
    <ClCompile Include="ECShapeFileObservers.cpp">
      <Filter>Source Files</Filter>
    </ClCompile>
  </ItemGroup>
</Project>